
Microsoft Visual Studio Solution File, Format Version 12.00
# Visual Studio Version 17
VisualStudioVersion = 17.3.32901.215
MinimumVisualStudioVersion = 10.0.40219.1
Project("{FAE04EC0-301F-11D3-BF4B-00C04F79EFBC}") = "functions-app", "functions-app.csproj", "{4EC2CD27-189C-4AEF-AF29-62C561A3198E}"
EndProject
Global
	GlobalSection(SolutionConfigurationPlatforms) = preSolution
		Debug|Any CPU = Debug|Any CPU
		Release|Any CPU = Release|Any CPU
	EndGlobalSection
	GlobalSection(ProjectConfigurationPlatforms) = postSolution
		{4EC2CD27-189C-4AEF-AF29-62C561A3198E}.Debug|Any CPU.ActiveCfg = Debug|Any CPU
		{4EC2CD27-189C-4AEF-AF29-62C561A3198E}.Debug|Any CPU.Build.0 = Debug|Any CPU
		{4EC2CD27-189C-4AEF-AF29-62C561A3198E}.Release|Any CPU.ActiveCfg = Release|Any CPU
		{4EC2CD27-189C-4AEF-AF29-62C561A3198E}.Release|Any CPU.Build.0 = Release|Any CPU
	EndGlobalSection
	GlobalSection(SolutionProperties) = preSolution
		HideSolutionNode = FALSE
	EndGlobalSection
	GlobalSection(ExtensibilityGlobals) = postSolution
		SolutionGuid = {7E8383CF-40C7-410B-B561-12BE93D88979}
	EndGlobalSection
EndGlobal
